
Microsoft Visual Studio Solution File, Format Version 12.00
# Visual Studio Version 16
VisualStudioVersion = 16.0.31025.194
MinimumVisualStudioVersion = 10.0.40219.1
Project("{9A19103F-16F7-4668-BE54-9A1E7A4F7556}") = "matrix_type", "matrix_type.csproj", "{7A82C066-953B-4644-B15A-8DF684C7F79A}"
EndProject
Project("{FAE04EC0-301F-11D3-BF4B-00C04F79EFBC}") = "Matrix.Tests", "..\Matrix.Tests\Matrix.Tests.csproj", "{2D19E84C-F22F-4608-BF7A-38E6DA0E7CDB}"
EndProject
Global
	GlobalSection(SolutionConfigurationPlatforms) = preSolution
		Debug|Any CPU = Debug|Any CPU
		Release|Any CPU = Release|Any CPU
	EndGlobalSection
	GlobalSection(ProjectConfigurationPlatforms) = postSolution
		{7A82C066-953B-4644-B15A-8DF684C7F79A}.Debug|Any CPU.ActiveCfg = Debug|Any CPU
		{7A82C066-953B-4644-B15A-8DF684C7F79A}.Debug|Any CPU.Build.0 = Debug|Any CPU
		{7A82C066-953B-4644-B15A-8DF684C7F79A}.Release|Any CPU.ActiveCfg = Release|Any CPU
		{7A82C066-953B-4644-B15A-8DF684C7F79A}.Release|Any CPU.Build.0 = Release|Any CPU
		{2D19E84C-F22F-4608-BF7A-38E6DA0E7CDB}.Debug|Any CPU.ActiveCfg = Debug|Any CPU
		{2D19E84C-F22F-4608-BF7A-38E6DA0E7CDB}.Debug|Any CPU.Build.0 = Debug|Any CPU
		{2D19E84C-F22F-4608-BF7A-38E6DA0E7CDB}.Release|Any CPU.ActiveCfg = Release|Any CPU
		{2D19E84C-F22F-4608-BF7A-38E6DA0E7CDB}.Release|Any CPU.Build.0 = Release|Any CPU
	EndGlobalSection
	GlobalSection(SolutionProperties) = preSolution
		HideSolutionNode = FALSE
	EndGlobalSection
	GlobalSection(ExtensibilityGlobals) = postSolution
		SolutionGuid = {A31937BD-B5DD-4697-BA77-2B4371A2F90B}
	EndGlobalSection
EndGlobal
